
Microsoft Visual Studio Solution File, Format Version 12.00
# Visual Studio 15
VisualStudioVersion = 15.0.27130.2003
MinimumVisualStudioVersion = 10.0.40219.1
Project("{FAE04EC0-301F-11D3-BF4B-00C04F79EFBC}") = "NLPJapaneseDictionary", "NLPJapaneseDictionary\NLPJapaneseDictionary.csproj", "{E49CABB5-B595-482D-B8C9-183A9DFE03EF}"
EndProject
Project("{9A19103F-16F7-4668-BE54-9A1E7A4F7556}") = "Kuromoji", "kuromoji\Kuromoji.csproj", "{FCB0BE0C-50EC-4DF3-A894-3BCBBE2C7AF9}"
EndProject
Project("{FAE04EC0-301F-11D3-BF4B-00C04F79EFBC}") = "TestKuromoji", "TestKuromoji\TestKuromoji.csproj", "{BEC6F215-9C61-49D5-88CE-9B06182E3E7A}"
EndProject
Project("{FAE04EC0-301F-11D3-BF4B-00C04F79EFBC}") = "TestOCR", "TestOCR\TestOCR.csproj", "{6A1ADF41-0768-4C71-B34E-BFD79F3DC3DD}"
EndProject
Project("{FAE04EC0-301F-11D3-BF4B-00C04F79EFBC}") = "TestNLPJapaneseDictionary", "TestNLPJapaneseDictionary\TestNLPJapaneseDictionary.csproj", "{7D94F8EE-04A8-4378-B84E-7809DB32207A}"
EndProject
Project("{9A19103F-16F7-4668-BE54-9A1E7A4F7556}") = "Jocr", "Jocr\Jocr.csproj", "{AE460E56-82F7-47D9-ABFE-DB25C48D207E}"
EndProject
Project("{9A19103F-16F7-4668-BE54-9A1E7A4F7556}") = "Mqdf", "Mqdf\Mqdf.csproj", "{98984858-03A5-473B-9228-2ABF9D1D4876}"
EndProject
Global
	GlobalSection(SolutionConfigurationPlatforms) = preSolution
		Debug|Any CPU = Debug|Any CPU
		Release|Any CPU = Release|Any CPU
	EndGlobalSection
	GlobalSection(ProjectConfigurationPlatforms) = postSolution
		{E49CABB5-B595-482D-B8C9-183A9DFE03EF}.Debug|Any CPU.ActiveCfg = Debug|Any CPU
		{E49CABB5-B595-482D-B8C9-183A9DFE03EF}.Debug|Any CPU.Build.0 = Debug|Any CPU
		{E49CABB5-B595-482D-B8C9-183A9DFE03EF}.Release|Any CPU.ActiveCfg = Release|Any CPU
		{E49CABB5-B595-482D-B8C9-183A9DFE03EF}.Release|Any CPU.Build.0 = Release|Any CPU
		{FCB0BE0C-50EC-4DF3-A894-3BCBBE2C7AF9}.Debug|Any CPU.ActiveCfg = Debug|Any CPU
		{FCB0BE0C-50EC-4DF3-A894-3BCBBE2C7AF9}.Debug|Any CPU.Build.0 = Debug|Any CPU
		{FCB0BE0C-50EC-4DF3-A894-3BCBBE2C7AF9}.Release|Any CPU.ActiveCfg = Release|Any CPU
		{FCB0BE0C-50EC-4DF3-A894-3BCBBE2C7AF9}.Release|Any CPU.Build.0 = Release|Any CPU
		{BEC6F215-9C61-49D5-88CE-9B06182E3E7A}.Debug|Any CPU.ActiveCfg = Debug|Any CPU
		{BEC6F215-9C61-49D5-88CE-9B06182E3E7A}.Debug|Any CPU.Build.0 = Debug|Any CPU
		{BEC6F215-9C61-49D5-88CE-9B06182E3E7A}.Release|Any CPU.ActiveCfg = Release|Any CPU
		{6A1ADF41-0768-4C71-B34E-BFD79F3DC3DD}.Debug|Any CPU.ActiveCfg = Debug|Any CPU
		{6A1ADF41-0768-4C71-B34E-BFD79F3DC3DD}.Debug|Any CPU.Build.0 = Debug|Any CPU
		{6A1ADF41-0768-4C71-B34E-BFD79F3DC3DD}.Release|Any CPU.ActiveCfg = Release|Any CPU
		{7D94F8EE-04A8-4378-B84E-7809DB32207A}.Debug|Any CPU.ActiveCfg = Debug|Any CPU
		{7D94F8EE-04A8-4378-B84E-7809DB32207A}.Debug|Any CPU.Build.0 = Debug|Any CPU
		{7D94F8EE-04A8-4378-B84E-7809DB32207A}.Release|Any CPU.ActiveCfg = Release|Any CPU
		{AE460E56-82F7-47D9-ABFE-DB25C48D207E}.Debug|Any CPU.ActiveCfg = Debug|Any CPU
		{AE460E56-82F7-47D9-ABFE-DB25C48D207E}.Debug|Any CPU.Build.0 = Debug|Any CPU
		{AE460E56-82F7-47D9-ABFE-DB25C48D207E}.Release|Any CPU.ActiveCfg = Release|Any CPU
		{AE460E56-82F7-47D9-ABFE-DB25C48D207E}.Release|Any CPU.Build.0 = Release|Any CPU
		{98984858-03A5-473B-9228-2ABF9D1D4876}.Debug|Any CPU.ActiveCfg = Debug|Any CPU
		{98984858-03A5-473B-9228-2ABF9D1D4876}.Debug|Any CPU.Build.0 = Debug|Any CPU
		{98984858-03A5-473B-9228-2ABF9D1D4876}.Release|Any CPU.ActiveCfg = Release|Any CPU
		{98984858-03A5-473B-9228-2ABF9D1D4876}.Release|Any CPU.Build.0 = Release|Any CPU
	EndGlobalSection
	GlobalSection(SolutionProperties) = preSolution
		HideSolutionNode = FALSE
	EndGlobalSection
	GlobalSection(ExtensibilityGlobals) = postSolution
		SolutionGuid = {C7F397D5-9E07-48DF-91EC-DDD573611257}
	EndGlobalSection
EndGlobal
